// !$*UTF8*$!
{
	archiveVersion = 1;
	classes = {
	};
	objectVersion = 46;
	objects = {

/* Begin PBXBuildFile section */
		27A045C71C682A3000AEE54D /* MMDivisionUtility.m in Sources */ = {isa = PBXBuildFile; fileRef = 27A045C61C682A3000AEE54D /* MMDivisionUtility.m */; };
		27A045C91C682B0600AEE54D /* MMDivisionUtilityTests.m in Sources */ = {isa = PBXBuildFile; fileRef = 27A045C81C682B0600AEE54D /* MMDivisionUtilityTests.m */; };
		D8468DE41C6172D6000E10D2 /* MMFactorialTests.m in Sources */ = {isa = PBXBuildFile; fileRef = D8468DE31C6172D6000E10D2 /* MMFactorialTests.m */; };
		D8468DE71C6173A8000E10D2 /* NSNumber+MMFactorial.m in Sources */ = {isa = PBXBuildFile; fileRef = D8468DE61C6173A8000E10D2 /* NSNumber+MMFactorial.m */; };
		D8468DEA1C6173BA000E10D2 /* MMLinkedList.m in Sources */ = {isa = PBXBuildFile; fileRef = D8468DE91C6173BA000E10D2 /* MMLinkedList.m */; };
		D8468DF01C6176D2000E10D2 /* MMSubarrayUtilityTests.m in Sources */ = {isa = PBXBuildFile; fileRef = D8468DEF1C6176D2000E10D2 /* MMSubarrayUtilityTests.m */; };
		D8468DF71C617FFF000E10D2 /* MMSubarrayUtility.m in Sources */ = {isa = PBXBuildFile; fileRef = D8468DF61C617FFF000E10D2 /* MMSubarrayUtility.m */; };
		D8468DFC1C623801000E10D2 /* MMArrayAdditionTests.m in Sources */ = {isa = PBXBuildFile; fileRef = D8468DFB1C623801000E10D2 /* MMArrayAdditionTests.m */; };
		D8468E211C63DED9000E10D2 /* MMMergeArraysTests.m in Sources */ = {isa = PBXBuildFile; fileRef = D8468E201C63DED9000E10D2 /* MMMergeArraysTests.m */; };
		D8468E261C64129C000E10D2 /* MMStringCompressionTests.m in Sources */ = {isa = PBXBuildFile; fileRef = D8468E251C64129C000E10D2 /* MMStringCompressionTests.m */; };
		D8468E2B1C64478D000E10D2 /* MMMaximumStockProfitTests.m in Sources */ = {isa = PBXBuildFile; fileRef = D8468E2A1C64478D000E10D2 /* MMMaximumStockProfitTests.m */; };
		D8468E3F1C67ED5C000E10D2 /* NSArray+MMMerge.m in Sources */ = {isa = PBXBuildFile; fileRef = D8468E3E1C67ED5C000E10D2 /* NSArray+MMMerge.m */; };
		D8468E441C67ED6A000E10D2 /* MMArrayAddition.m in Sources */ = {isa = PBXBuildFile; fileRef = D8468E411C67ED6A000E10D2 /* MMArrayAddition.m */; };
		D8468E451C67ED6A000E10D2 /* MMMaximumStockProfit.m in Sources */ = {isa = PBXBuildFile; fileRef = D8468E431C67ED6A000E10D2 /* MMMaximumStockProfit.m */; };
		D8468E481C67EDB5000E10D2 /* NSString+MMCompression.m in Sources */ = {isa = PBXBuildFile; fileRef = D8468E471C67EDB5000E10D2 /* NSString+MMCompression.m */; };
		D8468ED81C6C04BE000E10D2 /* NSArray+MMLargestSmallest.m in Sources */ = {isa = PBXBuildFile; fileRef = D8468ED71C6C04BE000E10D2 /* NSArray+MMLargestSmallest.m */; };
		D8468EDA1C6C04E3000E10D2 /* MMLargestSmallestTests.m in Sources */ = {isa = PBXBuildFile; fileRef = D8468ED91C6C04E3000E10D2 /* MMLargestSmallestTests.m */; };
		D8468EDD1C6CC655000E10D2 /* MMSequenceFormer.m in Sources */ = {isa = PBXBuildFile; fileRef = D8468EDC1C6CC655000E10D2 /* MMSequenceFormer.m */; };
		D8468EDF1C6CC665000E10D2 /* MMSequenceFormerTests.m in Sources */ = {isa = PBXBuildFile; fileRef = D8468EDE1C6CC665000E10D2 /* MMSequenceFormerTests.m */; };
		D84EB0A81C60E83400B86EC0 /* MMLinkedListTests.m in Sources */ = {isa = PBXBuildFile; fileRef = D84EB0A71C60E83400B86EC0 /* MMLinkedListTests.m */; };
		D88C738B1C5AABED00E9217B /* MMSearchTests.m in Sources */ = {isa = PBXBuildFile; fileRef = D88C738A1C5AABED00E9217B /* MMSearchTests.m */; };
		D88C73AF1C5ACE4B00E9217B /* MMTreeTests.m in Sources */ = {isa = PBXBuildFile; fileRef = D88C73AE1C5ACE4B00E9217B /* MMTreeTests.m */; };
		D88C73B61C5BB23C00E9217B /* NSArray+MMFunctional.m in Sources */ = {isa = PBXBuildFile; fileRef = D88C73B51C5BB23C00E9217B /* NSArray+MMFunctional.m */; };
		D88C73BB1C5BB24300E9217B /* NSArray+MMRandom.m in Sources */ = {isa = PBXBuildFile; fileRef = D88C73B81C5BB24300E9217B /* NSArray+MMRandom.m */; };
		D88C73BC1C5BB24300E9217B /* NSNumber+MMRandom.m in Sources */ = {isa = PBXBuildFile; fileRef = D88C73BA1C5BB24300E9217B /* NSNumber+MMRandom.m */; };
		D88C73C11C5BB24A00E9217B /* NSArray+MMSearch.m in Sources */ = {isa = PBXBuildFile; fileRef = D88C73BE1C5BB24A00E9217B /* NSArray+MMSearch.m */; };
		D88C73C21C5BB24A00E9217B /* NSArray+MMSorting.m in Sources */ = {isa = PBXBuildFile; fileRef = D88C73C01C5BB24A00E9217B /* NSArray+MMSorting.m */; };
		D88C73C81C5BB28300E9217B /* NSString+MMNearbyWords.m in Sources */ = {isa = PBXBuildFile; fileRef = D88C73C71C5BB28300E9217B /* NSString+MMNearbyWords.m */; };
		D88C73CA1C5BB35C00E9217B /* MMNearbyWordsTests.m in Sources */ = {isa = PBXBuildFile; fileRef = D88C73C91C5BB35C00E9217B /* MMNearbyWordsTests.m */; };
		D8D92F0E1C6032AB00C7A86C /* MMBinaryTree.m in Sources */ = {isa = PBXBuildFile; fileRef = D8D92F0B1C6032AB00C7A86C /* MMBinaryTree.m */; };
		D8D92F0F1C6032AB00C7A86C /* MMBinaryTreeNode.m in Sources */ = {isa = PBXBuildFile; fileRef = D8D92F0D1C6032AB00C7A86C /* MMBinaryTreeNode.m */; };
		D8D92F131C6032C400C7A86C /* MMGraph.m in Sources */ = {isa = PBXBuildFile; fileRef = D8D92F121C6032C400C7A86C /* MMGraph.m */; };
		D8D92F1B1C60352D00C7A86C /* MMGraphTests.m in Sources */ = {isa = PBXBuildFile; fileRef = D8D92F1A1C60352D00C7A86C /* MMGraphTests.m */; };
		D8D92F241C603F0900C7A86C /* MMEdge.m in Sources */ = {isa = PBXBuildFile; fileRef = D8D92F211C603F0900C7A86C /* MMEdge.m */; };
		D8D92F251C603F0900C7A86C /* MMVertex.m in Sources */ = {isa = PBXBuildFile; fileRef = D8D92F231C603F0900C7A86C /* MMVertex.m */; };
		D8D92F281C603F1D00C7A86C /* MMQueue.m in Sources */ = {isa = PBXBuildFile; fileRef = D8D92F271C603F1D00C7A86C /* MMQueue.m */; };
		D8D92F2A1C603F2E00C7A86C /* MMQueueTests.m in Sources */ = {isa = PBXBuildFile; fileRef = D8D92F291C603F2E00C7A86C /* MMQueueTests.m */; };
		D8D92F2E1C60409800C7A86C /* MMStack.m in Sources */ = {isa = PBXBuildFile; fileRef = D8D92F2D1C60409800C7A86C /* MMStack.m */; };
		D8D92F301C60418B00C7A86C /* MMStackTests.m in Sources */ = {isa = PBXBuildFile; fileRef = D8D92F2F1C60418B00C7A86C /* MMStackTests.m */; };
		D8F692451C59689D00B08CB5 /* MMSortTests.m in Sources */ = {isa = PBXBuildFile; fileRef = D8F692441C59689D00B08CB5 /* MMSortTests.m */; };
		D8F6926D1C5A951B00B08CB5 /* MMFunctionalTests.m in Sources */ = {isa = PBXBuildFile; fileRef = D8F6926C1C5A951B00B08CB5 /* MMFunctionalTests.m */; };
		D8F6926F1C5A966D00B08CB5 /* MMRandomArrayTests.m in Sources */ = {isa = PBXBuildFile; fileRef = D8F6926E1C5A966D00B08CB5 /* MMRandomArrayTests.m */; };
		D8F692711C5A970500B08CB5 /* MMRandomNumberTests.m in Sources */ = {isa = PBXBuildFile; fileRef = D8F692701C5A970500B08CB5 /* MMRandomNumberTests.m */; };
/* End PBXBuildFile section */

/* Begin PBXFileReference section */
		27A045C51C682A3000AEE54D /* MMDivisionUtility.h */ = {isa = PBXFileReference; fileEncoding = 4; lastKnownFileType = sourcecode.c.h; name = MMDivisionUtility.h; path = Utilities/MMDivisionUtility.h; sourceTree = "<group>"; };
		27A045C61C682A3000AEE54D /* MMDivisionUtility.m */ = {isa = PBXFileReference; fileEncoding = 4; lastKnownFileType = sourcecode.c.objc; name = MMDivisionUtility.m; path = Utilities/MMDivisionUtility.m; sourceTree = "<group>"; };
		27A045C81C682B0600AEE54D /* MMDivisionUtilityTests.m */ = {isa = PBXFileReference; fileEncoding = 4; lastKnownFileType = sourcecode.c.objc; path = MMDivisionUtilityTests.m; sourceTree = "<group>"; };
		D8468DE31C6172D6000E10D2 /* MMFactorialTests.m */ = {isa = PBXFileReference; fileEncoding = 4; lastKnownFileType = sourcecode.c.objc; path = MMFactorialTests.m; sourceTree = "<group>"; };
		D8468DE51C6173A8000E10D2 /* NSNumber+MMFactorial.h */ = {isa = PBXFileReference; fileEncoding = 4; lastKnownFileType = sourcecode.c.h; name = "NSNumber+MMFactorial.h"; path = "Categories/Misc Number Algorithms/NSNumber+MMFactorial.h"; sourceTree = "<group>"; };
		D8468DE61C6173A8000E10D2 /* NSNumber+MMFactorial.m */ = {isa = PBXFileReference; fileEncoding = 4; lastKnownFileType = sourcecode.c.objc; name = "NSNumber+MMFactorial.m"; path = "Categories/Misc Number Algorithms/NSNumber+MMFactorial.m"; sourceTree = "<group>"; };
		D8468DE81C6173BA000E10D2 /* MMLinkedList.h */ = {isa = PBXFileReference; fileEncoding = 4; lastKnownFileType = sourcecode.c.h; name = MMLinkedList.h; path = "Data Structures/Linked List/MMLinkedList.h"; sourceTree = "<group>"; };
		D8468DE91C6173BA000E10D2 /* MMLinkedList.m */ = {isa = PBXFileReference; fileEncoding = 4; lastKnownFileType = sourcecode.c.objc; name = MMLinkedList.m; path = "Data Structures/Linked List/MMLinkedList.m"; sourceTree = "<group>"; };
		D8468DEF1C6176D2000E10D2 /* MMSubarrayUtilityTests.m */ = {isa = PBXFileReference; fileEncoding = 4; lastKnownFileType = sourcecode.c.objc; path = MMSubarrayUtilityTests.m; sourceTree = "<group>"; };
		D8468DF51C617FFF000E10D2 /* MMSubarrayUtility.h */ = {isa = PBXFileReference; fileEncoding = 4; lastKnownFileType = sourcecode.c.h; name = MMSubarrayUtility.h; path = Utilities/MMSubarrayUtility.h; sourceTree = "<group>"; };
		D8468DF61C617FFF000E10D2 /* MMSubarrayUtility.m */ = {isa = PBXFileReference; fileEncoding = 4; lastKnownFileType = sourcecode.c.objc; name = MMSubarrayUtility.m; path = Utilities/MMSubarrayUtility.m; sourceTree = "<group>"; };
		D8468DFB1C623801000E10D2 /* MMArrayAdditionTests.m */ = {isa = PBXFileReference; fileEncoding = 4; lastKnownFileType = sourcecode.c.objc; path = MMArrayAdditionTests.m; sourceTree = "<group>"; };
		D8468E201C63DED9000E10D2 /* MMMergeArraysTests.m */ = {isa = PBXFileReference; fileEncoding = 4; lastKnownFileType = sourcecode.c.objc; path = MMMergeArraysTests.m; sourceTree = "<group>"; };
		D8468E251C64129C000E10D2 /* MMStringCompressionTests.m */ = {isa = PBXFileReference; fileEncoding = 4; lastKnownFileType = sourcecode.c.objc; path = MMStringCompressionTests.m; sourceTree = "<group>"; };
		D8468E2A1C64478D000E10D2 /* MMMaximumStockProfitTests.m */ = {isa = PBXFileReference; fileEncoding = 4; lastKnownFileType = sourcecode.c.objc; path = MMMaximumStockProfitTests.m; sourceTree = "<group>"; };
		D8468E3D1C67ED5C000E10D2 /* NSArray+MMMerge.h */ = {isa = PBXFileReference; fileEncoding = 4; lastKnownFileType = sourcecode.c.h; name = "NSArray+MMMerge.h"; path = "Categories/Functional/NSArray+MMMerge.h"; sourceTree = "<group>"; };
		D8468E3E1C67ED5C000E10D2 /* NSArray+MMMerge.m */ = {isa = PBXFileReference; fileEncoding = 4; lastKnownFileType = sourcecode.c.objc; name = "NSArray+MMMerge.m"; path = "Categories/Functional/NSArray+MMMerge.m"; sourceTree = "<group>"; };
		D8468E401C67ED6A000E10D2 /* MMArrayAddition.h */ = {isa = PBXFileReference; fileEncoding = 4; lastKnownFileType = sourcecode.c.h; name = MMArrayAddition.h; path = Utilities/MMArrayAddition.h; sourceTree = "<group>"; };
		D8468E411C67ED6A000E10D2 /* MMArrayAddition.m */ = {isa = PBXFileReference; fileEncoding = 4; lastKnownFileType = sourcecode.c.objc; name = MMArrayAddition.m; path = Utilities/MMArrayAddition.m; sourceTree = "<group>"; };
		D8468E421C67ED6A000E10D2 /* MMMaximumStockProfit.h */ = {isa = PBXFileReference; fileEncoding = 4; lastKnownFileType = sourcecode.c.h; name = MMMaximumStockProfit.h; path = Utilities/MMMaximumStockProfit.h; sourceTree = "<group>"; };
		D8468E431C67ED6A000E10D2 /* MMMaximumStockProfit.m */ = {isa = PBXFileReference; fileEncoding = 4; lastKnownFileType = sourcecode.c.objc; name = MMMaximumStockProfit.m; path = Utilities/MMMaximumStockProfit.m; sourceTree = "<group>"; };
		D8468E461C67EDB5000E10D2 /* NSString+MMCompression.h */ = {isa = PBXFileReference; fileEncoding = 4; lastKnownFileType = sourcecode.c.h; name = "NSString+MMCompression.h"; path = "Categories/Misc String Algorithms/NSString+MMCompression.h"; sourceTree = "<group>"; };
		D8468E471C67EDB5000E10D2 /* NSString+MMCompression.m */ = {isa = PBXFileReference; fileEncoding = 4; lastKnownFileType = sourcecode.c.objc; name = "NSString+MMCompression.m"; path = "Categories/Misc String Algorithms/NSString+MMCompression.m"; sourceTree = "<group>"; };
		D8468ED61C6C04BE000E10D2 /* NSArray+MMLargestSmallest.h */ = {isa = PBXFileReference; fileEncoding = 4; lastKnownFileType = sourcecode.c.h; path = "NSArray+MMLargestSmallest.h"; sourceTree = "<group>"; };
		D8468ED71C6C04BE000E10D2 /* NSArray+MMLargestSmallest.m */ = {isa = PBXFileReference; fileEncoding = 4; lastKnownFileType = sourcecode.c.objc; path = "NSArray+MMLargestSmallest.m"; sourceTree = "<group>"; };
		D8468ED91C6C04E3000E10D2 /* MMLargestSmallestTests.m */ = {isa = PBXFileReference; fileEncoding = 4; lastKnownFileType = sourcecode.c.objc; path = MMLargestSmallestTests.m; sourceTree = "<group>"; };
		D8468EDB1C6CC655000E10D2 /* MMSequenceFormer.h */ = {isa = PBXFileReference; fileEncoding = 4; lastKnownFileType = sourcecode.c.h; path = MMSequenceFormer.h; sourceTree = "<group>"; };
		D8468EDC1C6CC655000E10D2 /* MMSequenceFormer.m */ = {isa = PBXFileReference; fileEncoding = 4; lastKnownFileType = sourcecode.c.objc; path = MMSequenceFormer.m; sourceTree = "<group>"; };
		D8468EDE1C6CC665000E10D2 /* MMSequenceFormerTests.m */ = {isa = PBXFileReference; fileEncoding = 4; lastKnownFileType = sourcecode.c.objc; path = MMSequenceFormerTests.m; sourceTree = "<group>"; };
		D84EB0A71C60E83400B86EC0 /* MMLinkedListTests.m */ = {isa = PBXFileReference; fileEncoding = 4; lastKnownFileType = sourcecode.c.objc; path = MMLinkedListTests.m; sourceTree = "<group>"; };
		D88C738A1C5AABED00E9217B /* MMSearchTests.m */ = {isa = PBXFileReference; fileEncoding = 4; lastKnownFileType = sourcecode.c.objc; path = MMSearchTests.m; sourceTree = "<group>"; };
		D88C73AE1C5ACE4B00E9217B /* MMTreeTests.m */ = {isa = PBXFileReference; fileEncoding = 4; lastKnownFileType = sourcecode.c.objc; path = MMTreeTests.m; sourceTree = "<group>"; };
		D88C73B41C5BB23C00E9217B /* NSArray+MMFunctional.h */ = {isa = PBXFileReference; fileEncoding = 4; lastKnownFileType = sourcecode.c.h; name = "NSArray+MMFunctional.h"; path = "Categories/Functional/NSArray+MMFunctional.h"; sourceTree = "<group>"; };
		D88C73B51C5BB23C00E9217B /* NSArray+MMFunctional.m */ = {isa = PBXFileReference; fileEncoding = 4; lastKnownFileType = sourcecode.c.objc; name = "NSArray+MMFunctional.m"; path = "Categories/Functional/NSArray+MMFunctional.m"; sourceTree = "<group>"; };
		D88C73B71C5BB24300E9217B /* NSArray+MMRandom.h */ = {isa = PBXFileReference; fileEncoding = 4; lastKnownFileType = sourcecode.c.h; name = "NSArray+MMRandom.h"; path = "Categories/Random Generation/NSArray+MMRandom.h"; sourceTree = "<group>"; };
		D88C73B81C5BB24300E9217B /* NSArray+MMRandom.m */ = {isa = PBXFileReference; fileEncoding = 4; lastKnownFileType = sourcecode.c.objc; name = "NSArray+MMRandom.m"; path = "Categories/Random Generation/NSArray+MMRandom.m"; sourceTree = "<group>"; };
		D88C73B91C5BB24300E9217B /* NSNumber+MMRandom.h */ = {isa = PBXFileReference; fileEncoding = 4; lastKnownFileType = sourcecode.c.h; name = "NSNumber+MMRandom.h"; path = "Categories/Random Generation/NSNumber+MMRandom.h"; sourceTree = "<group>"; };
		D88C73BA1C5BB24300E9217B /* NSNumber+MMRandom.m */ = {isa = PBXFileReference; fileEncoding = 4; lastKnownFileType = sourcecode.c.objc; name = "NSNumber+MMRandom.m"; path = "Categories/Random Generation/NSNumber+MMRandom.m"; sourceTree = "<group>"; };
		D88C73BD1C5BB24A00E9217B /* NSArray+MMSearch.h */ = {isa = PBXFileReference; fileEncoding = 4; lastKnownFileType = sourcecode.c.h; name = "NSArray+MMSearch.h"; path = "Categories/Searching & Sorting/NSArray+MMSearch.h"; sourceTree = "<group>"; };
		D88C73BE1C5BB24A00E9217B /* NSArray+MMSearch.m */ = {isa = PBXFileReference; fileEncoding = 4; lastKnownFileType = sourcecode.c.objc; name = "NSArray+MMSearch.m"; path = "Categories/Searching & Sorting/NSArray+MMSearch.m"; sourceTree = "<group>"; };
		D88C73BF1C5BB24A00E9217B /* NSArray+MMSorting.h */ = {isa = PBXFileReference; fileEncoding = 4; lastKnownFileType = sourcecode.c.h; name = "NSArray+MMSorting.h"; path = "Categories/Searching & Sorting/NSArray+MMSorting.h"; sourceTree = "<group>"; };
		D88C73C01C5BB24A00E9217B /* NSArray+MMSorting.m */ = {isa = PBXFileReference; fileEncoding = 4; lastKnownFileType = sourcecode.c.objc; name = "NSArray+MMSorting.m"; path = "Categories/Searching & Sorting/NSArray+MMSorting.m"; sourceTree = "<group>"; };
		D88C73C61C5BB28300E9217B /* NSString+MMNearbyWords.h */ = {isa = PBXFileReference; fileEncoding = 4; lastKnownFileType = sourcecode.c.h; name = "NSString+MMNearbyWords.h"; path = "Categories/Misc String Algorithms/NSString+MMNearbyWords.h"; sourceTree = "<group>"; };
		D88C73C71C5BB28300E9217B /* NSString+MMNearbyWords.m */ = {isa = PBXFileReference; fileEncoding = 4; lastKnownFileType = sourcecode.c.objc; name = "NSString+MMNearbyWords.m"; path = "Categories/Misc String Algorithms/NSString+MMNearbyWords.m"; sourceTree = "<group>"; };
		D88C73C91C5BB35C00E9217B /* MMNearbyWordsTests.m */ = {isa = PBXFileReference; fileEncoding = 4; lastKnownFileType = sourcecode.c.objc; path = MMNearbyWordsTests.m; sourceTree = "<group>"; };
		D8D92F0A1C6032AB00C7A86C /* MMBinaryTree.h */ = {isa = PBXFileReference; fileEncoding = 4; lastKnownFileType = sourcecode.c.h; name = MMBinaryTree.h; path = "Data Structures/Binary Tree/MMBinaryTree.h"; sourceTree = "<group>"; };
		D8D92F0B1C6032AB00C7A86C /* MMBinaryTree.m */ = {isa = PBXFileReference; fileEncoding = 4; lastKnownFileType = sourcecode.c.objc; name = MMBinaryTree.m; path = "Data Structures/Binary Tree/MMBinaryTree.m"; sourceTree = "<group>"; };
		D8D92F0C1C6032AB00C7A86C /* MMBinaryTreeNode.h */ = {isa = PBXFileReference; fileEncoding = 4; lastKnownFileType = sourcecode.c.h; name = MMBinaryTreeNode.h; path = "Data Structures/Binary Tree/MMBinaryTreeNode.h"; sourceTree = "<group>"; };
		D8D92F0D1C6032AB00C7A86C /* MMBinaryTreeNode.m */ = {isa = PBXFileReference; fileEncoding = 4; lastKnownFileType = sourcecode.c.objc; name = MMBinaryTreeNode.m; path = "Data Structures/Binary Tree/MMBinaryTreeNode.m"; sourceTree = "<group>"; };
		D8D92F111C6032C400C7A86C /* MMGraph.h */ = {isa = PBXFileReference; fileEncoding = 4; lastKnownFileType = sourcecode.c.h; name = MMGraph.h; path = "Data Structures/Graph/MMGraph.h"; sourceTree = "<group>"; };
		D8D92F121C6032C400C7A86C /* MMGraph.m */ = {isa = PBXFileReference; fileEncoding = 4; lastKnownFileType = sourcecode.c.objc; name = MMGraph.m; path = "Data Structures/Graph/MMGraph.m"; sourceTree = "<group>"; };
		D8D92F1A1C60352D00C7A86C /* MMGraphTests.m */ = {isa = PBXFileReference; fileEncoding = 4; lastKnownFileType = sourcecode.c.objc; path = MMGraphTests.m; sourceTree = "<group>"; };
		D8D92F201C603F0900C7A86C /* MMEdge.h */ = {isa = PBXFileReference; fileEncoding = 4; lastKnownFileType = sourcecode.c.h; name = MMEdge.h; path = "Data Structures/Graph/MMEdge.h"; sourceTree = "<group>"; };
		D8D92F211C603F0900C7A86C /* MMEdge.m */ = {isa = PBXFileReference; fileEncoding = 4; lastKnownFileType = sourcecode.c.objc; name = MMEdge.m; path = "Data Structures/Graph/MMEdge.m"; sourceTree = "<group>"; };
		D8D92F221C603F0900C7A86C /* MMVertex.h */ = {isa = PBXFileReference; fileEncoding = 4; lastKnownFileType = sourcecode.c.h; name = MMVertex.h; path = "Data Structures/Graph/MMVertex.h"; sourceTree = "<group>"; };
		D8D92F231C603F0900C7A86C /* MMVertex.m */ = {isa = PBXFileReference; fileEncoding = 4; lastKnownFileType = sourcecode.c.objc; name = MMVertex.m; path = "Data Structures/Graph/MMVertex.m"; sourceTree = "<group>"; };
		D8D92F261C603F1D00C7A86C /* MMQueue.h */ = {isa = PBXFileReference; fileEncoding = 4; lastKnownFileType = sourcecode.c.h; name = MMQueue.h; path = "Data Structures/Queue/MMQueue.h"; sourceTree = "<group>"; };
		D8D92F271C603F1D00C7A86C /* MMQueue.m */ = {isa = PBXFileReference; fileEncoding = 4; lastKnownFileType = sourcecode.c.objc; name = MMQueue.m; path = "Data Structures/Queue/MMQueue.m"; sourceTree = "<group>"; };
		D8D92F291C603F2E00C7A86C /* MMQueueTests.m */ = {isa = PBXFileReference; fileEncoding = 4; lastKnownFileType = sourcecode.c.objc; path = MMQueueTests.m; sourceTree = "<group>"; };
		D8D92F2C1C60409800C7A86C /* MMStack.h */ = {isa = PBXFileReference; fileEncoding = 4; lastKnownFileType = sourcecode.c.h; name = MMStack.h; path = "Data Structures/Stack/MMStack.h"; sourceTree = "<group>"; };
		D8D92F2D1C60409800C7A86C /* MMStack.m */ = {isa = PBXFileReference; fileEncoding = 4; lastKnownFileType = sourcecode.c.objc; name = MMStack.m; path = "Data Structures/Stack/MMStack.m"; sourceTree = "<group>"; };
		D8D92F2F1C60418B00C7A86C /* MMStackTests.m */ = {isa = PBXFileReference; fileEncoding = 4; lastKnownFileType = sourcecode.c.objc; path = MMStackTests.m; sourceTree = "<group>"; };
		D8F692401C59689D00B08CB5 /* MMAlgorithmsTests.xctest */ = {isa = PBXFileReference; explicitFileType = wrapper.cfbundle; includeInIndex = 0; path = MMAlgorithmsTests.xctest; sourceTree = BUILT_PRODUCTS_DIR; };
		D8F692441C59689D00B08CB5 /* MMSortTests.m */ = {isa = PBXFileReference; lastKnownFileType = sourcecode.c.objc; path = MMSortTests.m; sourceTree = "<group>"; };
		D8F692461C59689D00B08CB5 /* Info.plist */ = {isa = PBXFileReference; lastKnownFileType = text.plist.xml; path = Info.plist; sourceTree = "<group>"; };
		D8F6926C1C5A951B00B08CB5 /* MMFunctionalTests.m */ = {isa = PBXFileReference; fileEncoding = 4; lastKnownFileType = sourcecode.c.objc; path = MMFunctionalTests.m; sourceTree = "<group>"; };
		D8F6926E1C5A966D00B08CB5 /* MMRandomArrayTests.m */ = {isa = PBXFileReference; fileEncoding = 4; lastKnownFileType = sourcecode.c.objc; path = MMRandomArrayTests.m; sourceTree = "<group>"; };
		D8F692701C5A970500B08CB5 /* MMRandomNumberTests.m */ = {isa = PBXFileReference; fileEncoding = 4; lastKnownFileType = sourcecode.c.objc; path = MMRandomNumberTests.m; sourceTree = "<group>"; };
/* End PBXFileReference section */

/* Begin PBXFrameworksBuildPhase section */
		D8F6923D1C59689D00B08CB5 /* Frameworks */ = {
			isa = PBXFrameworksBuildPhase;
			buildActionMask = 2147483647;
			files = (
			);
			runOnlyForDeploymentPostprocessing = 0;
		};
/* End PBXFrameworksBuildPhase section */

/* Begin PBXGroup section */
		D8468DDF1C6171E3000E10D2 /* Misc Number Algorithms */ = {
			isa = PBXGroup;
			children = (
				D8468DE51C6173A8000E10D2 /* NSNumber+MMFactorial.h */,
				D8468DE61C6173A8000E10D2 /* NSNumber+MMFactorial.m */,
			);
			name = "Misc Number Algorithms";
			sourceTree = "<group>";
		};
		D8468DF11C617FCF000E10D2 /* Utilities */ = {
			isa = PBXGroup;
			children = (
				D8468E401C67ED6A000E10D2 /* MMArrayAddition.h */,
				D8468E411C67ED6A000E10D2 /* MMArrayAddition.m */,
				D8468E421C67ED6A000E10D2 /* MMMaximumStockProfit.h */,
				D8468E431C67ED6A000E10D2 /* MMMaximumStockProfit.m */,
				D8468DF51C617FFF000E10D2 /* MMSubarrayUtility.h */,
				D8468DF61C617FFF000E10D2 /* MMSubarrayUtility.m */,
				27A045C51C682A3000AEE54D /* MMDivisionUtility.h */,
				27A045C61C682A3000AEE54D /* MMDivisionUtility.m */,
				D8468EDB1C6CC655000E10D2 /* MMSequenceFormer.h */,
				D8468EDC1C6CC655000E10D2 /* MMSequenceFormer.m */,
			);
			name = Utilities;
			sourceTree = "<group>";
		};
		D84EB0A31C60E65500B86EC0 /* Linked List */ = {
			isa = PBXGroup;
			children = (
				D8468DE81C6173BA000E10D2 /* MMLinkedList.h */,
				D8468DE91C6173BA000E10D2 /* MMLinkedList.m */,
			);
			name = "Linked List";
			sourceTree = "<group>";
		};
		D88C738C1C5AB8B400E9217B /* Data Structures */ = {
			isa = PBXGroup;
			children = (
				D84EB0A31C60E65500B86EC0 /* Linked List */,
				D8D92F2B1C60408600C7A86C /* Stack */,
				D8D92F1C1C603DE900C7A86C /* Queue */,
				D8D92F101C6032AF00C7A86C /* Graph */,
				D8D92F091C60329100C7A86C /* Binary Tree */,
			);
			name = "Data Structures";
			sourceTree = "<group>";
		};
		D88C73B01C5BB1AE00E9217B /* Random Generation */ = {
			isa = PBXGroup;
			children = (
				D88C73B71C5BB24300E9217B /* NSArray+MMRandom.h */,
				D88C73B81C5BB24300E9217B /* NSArray+MMRandom.m */,
				D88C73B91C5BB24300E9217B /* NSNumber+MMRandom.h */,
				D88C73BA1C5BB24300E9217B /* NSNumber+MMRandom.m */,
			);
			name = "Random Generation";
			sourceTree = "<group>";
		};
		D88C73B11C5BB1BB00E9217B /* Searching & Sorting */ = {
			isa = PBXGroup;
			children = (
				D88C73BD1C5BB24A00E9217B /* NSArray+MMSearch.h */,
				D88C73BE1C5BB24A00E9217B /* NSArray+MMSearch.m */,
				D88C73BF1C5BB24A00E9217B /* NSArray+MMSorting.h */,
				D88C73C01C5BB24A00E9217B /* NSArray+MMSorting.m */,
				D8468ED61C6C04BE000E10D2 /* NSArray+MMLargestSmallest.h */,
				D8468ED71C6C04BE000E10D2 /* NSArray+MMLargestSmallest.m */,
			);
			name = "Searching & Sorting";
			sourceTree = "<group>";
		};
		D88C73B21C5BB1D400E9217B /* Misc String Algorithms */ = {
			isa = PBXGroup;
			children = (
				D88C73C61C5BB28300E9217B /* NSString+MMNearbyWords.h */,
				D88C73C71C5BB28300E9217B /* NSString+MMNearbyWords.m */,
				D8468E461C67EDB5000E10D2 /* NSString+MMCompression.h */,
				D8468E471C67EDB5000E10D2 /* NSString+MMCompression.m */,
			);
			name = "Misc String Algorithms";
			sourceTree = "<group>";
		};
		D88C73B31C5BB22400E9217B /* Functional */ = {
			isa = PBXGroup;
			children = (
				D8468E3D1C67ED5C000E10D2 /* NSArray+MMMerge.h */,
				D8468E3E1C67ED5C000E10D2 /* NSArray+MMMerge.m */,
				D88C73B41C5BB23C00E9217B /* NSArray+MMFunctional.h */,
				D88C73B51C5BB23C00E9217B /* NSArray+MMFunctional.m */,
			);
			name = Functional;
			sourceTree = "<group>";
		};
		D8D92F091C60329100C7A86C /* Binary Tree */ = {
			isa = PBXGroup;
			children = (
				D8D92F0A1C6032AB00C7A86C /* MMBinaryTree.h */,
				D8D92F0B1C6032AB00C7A86C /* MMBinaryTree.m */,
				D8D92F0C1C6032AB00C7A86C /* MMBinaryTreeNode.h */,
				D8D92F0D1C6032AB00C7A86C /* MMBinaryTreeNode.m */,
			);
			name = "Binary Tree";
			sourceTree = "<group>";
		};
		D8D92F101C6032AF00C7A86C /* Graph */ = {
			isa = PBXGroup;
			children = (
				D8D92F111C6032C400C7A86C /* MMGraph.h */,
				D8D92F121C6032C400C7A86C /* MMGraph.m */,
				D8D92F201C603F0900C7A86C /* MMEdge.h */,
				D8D92F211C603F0900C7A86C /* MMEdge.m */,
				D8D92F221C603F0900C7A86C /* MMVertex.h */,
				D8D92F231C603F0900C7A86C /* MMVertex.m */,
			);
			name = Graph;
			sourceTree = "<group>";
		};
		D8D92F1C1C603DE900C7A86C /* Queue */ = {
			isa = PBXGroup;
			children = (
				D8D92F261C603F1D00C7A86C /* MMQueue.h */,
				D8D92F271C603F1D00C7A86C /* MMQueue.m */,
			);
			name = Queue;
			sourceTree = "<group>";
		};
		D8D92F2B1C60408600C7A86C /* Stack */ = {
			isa = PBXGroup;
			children = (
				D8D92F2C1C60409800C7A86C /* MMStack.h */,
				D8D92F2D1C60409800C7A86C /* MMStack.m */,
			);
			name = Stack;
			sourceTree = "<group>";
		};
		D8F6921E1C59689D00B08CB5 = {
			isa = PBXGroup;
			children = (
				D8F692291C59689D00B08CB5 /* MMAlgorithms */,
				D8F692431C59689D00B08CB5 /* MMAlgorithmsTests */,
				D8F692281C59689D00B08CB5 /* Products */,
			);
			sourceTree = "<group>";
		};
		D8F692281C59689D00B08CB5 /* Products */ = {
			isa = PBXGroup;
			children = (
				D8F692401C59689D00B08CB5 /* MMAlgorithmsTests.xctest */,
			);
			name = Products;
			sourceTree = "<group>";
		};
		D8F692291C59689D00B08CB5 /* MMAlgorithms */ = {
			isa = PBXGroup;
			children = (
				D8468DF11C617FCF000E10D2 /* Utilities */,
				D88C738C1C5AB8B400E9217B /* Data Structures */,
				D8F692721C5A9A8200B08CB5 /* Categories */,
			);
			name = MMAlgorithms;
			path = Algorithms;
			sourceTree = "<group>";
		};
		D8F692431C59689D00B08CB5 /* MMAlgorithmsTests */ = {
			isa = PBXGroup;
			children = (
				D8F692731C5A9A8E00B08CB5 /* Category Tests */,
				D8F692461C59689D00B08CB5 /* Info.plist */,
			);
			name = MMAlgorithmsTests;
			path = AlgorithmsTests;
			sourceTree = "<group>";
		};
		D8F692721C5A9A8200B08CB5 /* Categories */ = {
			isa = PBXGroup;
			children = (
				D88C73B31C5BB22400E9217B /* Functional */,
				D88C73B11C5BB1BB00E9217B /* Searching & Sorting */,
				D88C73B01C5BB1AE00E9217B /* Random Generation */,
				D8468DDF1C6171E3000E10D2 /* Misc Number Algorithms */,
				D88C73B21C5BB1D400E9217B /* Misc String Algorithms */,
			);
			name = Categories;
			sourceTree = "<group>";
		};
		D8F692731C5A9A8E00B08CB5 /* Category Tests */ = {
			isa = PBXGroup;
			children = (
				D8F692441C59689D00B08CB5 /* MMSortTests.m */,
				D88C738A1C5AABED00E9217B /* MMSearchTests.m */,
				D8F6926C1C5A951B00B08CB5 /* MMFunctionalTests.m */,
				D8F6926E1C5A966D00B08CB5 /* MMRandomArrayTests.m */,
				D8F692701C5A970500B08CB5 /* MMRandomNumberTests.m */,
				D88C73AE1C5ACE4B00E9217B /* MMTreeTests.m */,
				D8D92F1A1C60352D00C7A86C /* MMGraphTests.m */,
				D8D92F291C603F2E00C7A86C /* MMQueueTests.m */,
				D8D92F2F1C60418B00C7A86C /* MMStackTests.m */,
				D84EB0A71C60E83400B86EC0 /* MMLinkedListTests.m */,
				D88C73C91C5BB35C00E9217B /* MMNearbyWordsTests.m */,
				D8468DE31C6172D6000E10D2 /* MMFactorialTests.m */,
				D8468DEF1C6176D2000E10D2 /* MMSubarrayUtilityTests.m */,
				D8468DFB1C623801000E10D2 /* MMArrayAdditionTests.m */,
				D8468E201C63DED9000E10D2 /* MMMergeArraysTests.m */,
				D8468E251C64129C000E10D2 /* MMStringCompressionTests.m */,
				D8468E2A1C64478D000E10D2 /* MMMaximumStockProfitTests.m */,
				27A045C81C682B0600AEE54D /* MMDivisionUtilityTests.m */,
				D8468ED91C6C04E3000E10D2 /* MMLargestSmallestTests.m */,
				D8468EDE1C6CC665000E10D2 /* MMSequenceFormerTests.m */,
			);
			name = "Category Tests";
			sourceTree = "<group>";
		};
/* End PBXGroup section */

/* Begin PBXNativeTarget section */
		D8F6923F1C59689D00B08CB5 /* MMAlgorithmsTests */ = {
			isa = PBXNativeTarget;
			buildConfigurationList = D8F692571C59689D00B08CB5 /* Build configuration list for PBXNativeTarget "MMAlgorithmsTests" */;
			buildPhases = (
				D8F6923C1C59689D00B08CB5 /* Sources */,
				D8F6923D1C59689D00B08CB5 /* Frameworks */,
				D8F6923E1C59689D00B08CB5 /* Resources */,
			);
			buildRules = (
			);
			dependencies = (
			);
			name = MMAlgorithmsTests;
			productName = AlgorithmsTests;
			productReference = D8F692401C59689D00B08CB5 /* MMAlgorithmsTests.xctest */;
			productType = "com.apple.product-type.bundle.unit-test";
		};
/* End PBXNativeTarget section */

/* Begin PBXProject section */
		D8F6921F1C59689D00B08CB5 /* Project object */ = {
			isa = PBXProject;
			attributes = {
				LastUpgradeCheck = 0720;
				ORGANIZATIONNAME = "Michael MacDougall";
				TargetAttributes = {
					D8F6923F1C59689D00B08CB5 = {
						CreatedOnToolsVersion = 7.2;
						TestTargetID = D8F692261C59689D00B08CB5;
					};
				};
			};
			buildConfigurationList = D8F692221C59689D00B08CB5 /* Build configuration list for PBXProject "MMAlgorithms" */;
			compatibilityVersion = "Xcode 3.2";
			developmentRegion = English;
			hasScannedForEncodings = 0;
			knownRegions = (
				en,
				Base,
			);
			mainGroup = D8F6921E1C59689D00B08CB5;
			productRefGroup = D8F692281C59689D00B08CB5 /* Products */;
			projectDirPath = "";
			projectRoot = "";
			targets = (
				D8F6923F1C59689D00B08CB5 /* MMAlgorithmsTests */,
			);
		};
/* End PBXProject section */

/* Begin PBXResourcesBuildPhase section */
		D8F6923E1C59689D00B08CB5 /* Resources */ = {
			isa = PBXResourcesBuildPhase;
			buildActionMask = 2147483647;
			files = (
			);
			runOnlyForDeploymentPostprocessing = 0;
		};
/* End PBXResourcesBuildPhase section */

/* Begin PBXSourcesBuildPhase section */
		D8F6923C1C59689D00B08CB5 /* Sources */ = {
			isa = PBXSourcesBuildPhase;
			buildActionMask = 2147483647;
			files = (
				D8468DE41C6172D6000E10D2 /* MMFactorialTests.m in Sources */,
				D8D92F301C60418B00C7A86C /* MMStackTests.m in Sources */,
				D8D92F131C6032C400C7A86C /* MMGraph.m in Sources */,
				D88C73BC1C5BB24300E9217B /* NSNumber+MMRandom.m in Sources */,
				D8468DF71C617FFF000E10D2 /* MMSubarrayUtility.m in Sources */,
				D8468DFC1C623801000E10D2 /* MMArrayAdditionTests.m in Sources */,
				D84EB0A81C60E83400B86EC0 /* MMLinkedListTests.m in Sources */,
				D88C73C21C5BB24A00E9217B /* NSArray+MMSorting.m in Sources */,
				D88C73C81C5BB28300E9217B /* NSString+MMNearbyWords.m in Sources */,
				D8468E2B1C64478D000E10D2 /* MMMaximumStockProfitTests.m in Sources */,
				D8468ED81C6C04BE000E10D2 /* NSArray+MMLargestSmallest.m in Sources */,
				D8468EDD1C6CC655000E10D2 /* MMSequenceFormer.m in Sources */,
				D8F6926F1C5A966D00B08CB5 /* MMRandomArrayTests.m in Sources */,
				D8468EDF1C6CC665000E10D2 /* MMSequenceFormerTests.m in Sources */,
				D8468DF01C6176D2000E10D2 /* MMSubarrayUtilityTests.m in Sources */,
				D8F692711C5A970500B08CB5 /* MMRandomNumberTests.m in Sources */,
				D8468E261C64129C000E10D2 /* MMStringCompressionTests.m in Sources */,
				D8468DEA1C6173BA000E10D2 /* MMLinkedList.m in Sources */,
				D8D92F0F1C6032AB00C7A86C /* MMBinaryTreeNode.m in Sources */,
				D8D92F281C603F1D00C7A86C /* MMQueue.m in Sources */,
				D8D92F2E1C60409800C7A86C /* MMStack.m in Sources */,
				D8468DE71C6173A8000E10D2 /* NSNumber+MMFactorial.m in Sources */,
				D8D92F241C603F0900C7A86C /* MMEdge.m in Sources */,
				D8468E3F1C67ED5C000E10D2 /* NSArray+MMMerge.m in Sources */,
				27A045C91C682B0600AEE54D /* MMDivisionUtilityTests.m in Sources */,
				27A045C71C682A3000AEE54D /* MMDivisionUtility.m in Sources */,
				D88C73AF1C5ACE4B00E9217B /* MMTreeTests.m in Sources */,
				D88C73CA1C5BB35C00E9217B /* MMNearbyWordsTests.m in Sources */,
				D8468EDA1C6C04E3000E10D2 /* MMLargestSmallestTests.m in Sources */,
				D88C73C11C5BB24A00E9217B /* NSArray+MMSearch.m in Sources */,
				D8468E481C67EDB5000E10D2 /* NSString+MMCompression.m in Sources */,
				D8D92F0E1C6032AB00C7A86C /* MMBinaryTree.m in Sources */,
				D8468E441C67ED6A000E10D2 /* MMArrayAddition.m in Sources */,
				D8F692451C59689D00B08CB5 /* MMSortTests.m in Sources */,
				D88C73BB1C5BB24300E9217B /* NSArray+MMRandom.m in Sources */,
				D8D92F251C603F0900C7A86C /* MMVertex.m in Sources */,
				D88C738B1C5AABED00E9217B /* MMSearchTests.m in Sources */,
				D8468E451C67ED6A000E10D2 /* MMMaximumStockProfit.m in Sources */,
				D8F6926D1C5A951B00B08CB5 /* MMFunctionalTests.m in Sources */,
				D8D92F1B1C60352D00C7A86C /* MMGraphTests.m in Sources */,
				D8D92F2A1C603F2E00C7A86C /* MMQueueTests.m in Sources */,
				D8468E211C63DED9000E10D2 /* MMMergeArraysTests.m in Sources */,
				D88C73B61C5BB23C00E9217B /* NSArray+MMFunctional.m in Sources */,
			);
			runOnlyForDeploymentPostprocessing = 0;
		};
/* End PBXSourcesBuildPhase section */

/* Begin XCBuildConfiguration section */
		D8F692521C59689D00B08CB5 /* Debug */ = {
			isa = XCBuildConfiguration;
			buildSettings = {
				ALWAYS_SEARCH_USER_PATHS = NO;
				CLANG_CXX_LANGUAGE_STANDARD = "gnu++0x";
				CLANG_CXX_LIBRARY = "libc++";
				CLANG_ENABLE_MODULES = YES;
				CLANG_ENABLE_OBJC_ARC = YES;
				CLANG_WARN_BOOL_CONVERSION = YES;
				CLANG_WARN_CONSTANT_CONVERSION = YES;
				CLANG_WARN_DIRECT_OBJC_ISA_USAGE = YES_ERROR;
				CLANG_WARN_EMPTY_BODY = YES;
				CLANG_WARN_ENUM_CONVERSION = YES;
				CLANG_WARN_INT_CONVERSION = YES;
				CLANG_WARN_OBJC_ROOT_CLASS = YES_ERROR;
				CLANG_WARN_UNREACHABLE_CODE = YES;
				CLANG_WARN__DUPLICATE_METHOD_MATCH = YES;
				"CODE_SIGN_IDENTITY[sdk=iphoneos*]" = "iPhone Developer";
				COPY_PHASE_STRIP = NO;
				DEBUG_INFORMATION_FORMAT = dwarf;
				ENABLE_STRICT_OBJC_MSGSEND = YES;
				ENABLE_TESTABILITY = YES;
				GCC_C_LANGUAGE_STANDARD = gnu99;
				GCC_DYNAMIC_NO_PIC = NO;
				GCC_NO_COMMON_BLOCKS = YES;
				GCC_OPTIMIZATION_LEVEL = 0;
				GCC_PREPROCESSOR_DEFINITIONS = (
					"DEBUG=1",
					"$(inherited)",
				);
				GCC_WARN_64_TO_32_BIT_CONVERSION = YES;
				GCC_WARN_ABOUT_RETURN_TYPE = YES_ERROR;
				GCC_WARN_UNDECLARED_SELECTOR = YES;
				GCC_WARN_UNINITIALIZED_AUTOS = YES_AGGRESSIVE;
				GCC_WARN_UNUSED_FUNCTION = YES;
				GCC_WARN_UNUSED_VARIABLE = YES;
				IPHONEOS_DEPLOYMENT_TARGET = 9.2;
				MTL_ENABLE_DEBUG_INFO = YES;
				ONLY_ACTIVE_ARCH = YES;
				SDKROOT = iphoneos;
				TARGETED_DEVICE_FAMILY = "1,2";
			};
			name = Debug;
		};
		D8F692531C59689D00B08CB5 /* Release */ = {
			isa = XCBuildConfiguration;
			buildSettings = {
				ALWAYS_SEARCH_USER_PATHS = NO;
				CLANG_CXX_LANGUAGE_STANDARD = "gnu++0x";
				CLANG_CXX_LIBRARY = "libc++";
				CLANG_ENABLE_MODULES = YES;
				CLANG_ENABLE_OBJC_ARC = YES;
				CLANG_WARN_BOOL_CONVERSION = YES;
				CLANG_WARN_CONSTANT_CONVERSION = YES;
				CLANG_WARN_DIRECT_OBJC_ISA_USAGE = YES_ERROR;
				CLANG_WARN_EMPTY_BODY = YES;
				CLANG_WARN_ENUM_CONVERSION = YES;
				CLANG_WARN_INT_CONVERSION = YES;
				CLANG_WARN_OBJC_ROOT_CLASS = YES_ERROR;
				CLANG_WARN_UNREACHABLE_CODE = YES;
				CLANG_WARN__DUPLICATE_METHOD_MATCH = YES;
				"CODE_SIGN_IDENTITY[sdk=iphoneos*]" = "iPhone Developer";
				COPY_PHASE_STRIP = NO;
				DEBUG_INFORMATION_FORMAT = "dwarf-with-dsym";
				ENABLE_NS_ASSERTIONS = NO;
				ENABLE_STRICT_OBJC_MSGSEND = YES;
				GCC_C_LANGUAGE_STANDARD = gnu99;
				GCC_NO_COMMON_BLOCKS = YES;
				GCC_WARN_64_TO_32_BIT_CONVERSION = YES;
				GCC_WARN_ABOUT_RETURN_TYPE = YES_ERROR;
				GCC_WARN_UNDECLARED_SELECTOR = YES;
				GCC_WARN_UNINITIALIZED_AUTOS = YES_AGGRESSIVE;
				GCC_WARN_UNUSED_FUNCTION = YES;
				GCC_WARN_UNUSED_VARIABLE = YES;
				IPHONEOS_DEPLOYMENT_TARGET = 9.2;
				MTL_ENABLE_DEBUG_INFO = NO;
				SDKROOT = iphoneos;
				TARGETED_DEVICE_FAMILY = "1,2";
				VALIDATE_PRODUCT = YES;
			};
			name = Release;
		};
		D8F692581C59689D00B08CB5 /* Debug */ = {
			isa = XCBuildConfiguration;
			buildSettings = {
				BUNDLE_LOADER = "$(TEST_HOST)";
				INFOPLIST_FILE = AlgorithmsTests/Info.plist;
				LD_RUNPATH_SEARCH_PATHS = "$(inherited) @executable_path/Frameworks @loader_path/Frameworks";
				PRODUCT_BUNDLE_IDENTIFIER = com.mmacdougall.AlgorithmsTests;
				PRODUCT_NAME = MMAlgorithmsTests;
			};
			name = Debug;
		};
		D8F692591C59689D00B08CB5 /* Release */ = {
			isa = XCBuildConfiguration;
			buildSettings = {
				BUNDLE_LOADER = "$(TEST_HOST)";
				INFOPLIST_FILE = AlgorithmsTests/Info.plist;
				LD_RUNPATH_SEARCH_PATHS = "$(inherited) @executable_path/Frameworks @loader_path/Frameworks";
				PRODUCT_BUNDLE_IDENTIFIER = com.mmacdougall.AlgorithmsTests;
				PRODUCT_NAME = MMAlgorithmsTests;
			};
			name = Release;
		};
/* End XCBuildConfiguration section */

/* Begin XCConfigurationList section */
		D8F692221C59689D00B08CB5 /* Build configuration list for PBXProject "MMAlgorithms" */ = {
			isa = XCConfigurationList;
			buildConfigurations = (
				D8F692521C59689D00B08CB5 /* Debug */,
				D8F692531C59689D00B08CB5 /* Release */,
			);
			defaultConfigurationIsVisible = 0;
			defaultConfigurationName = Release;
		};
		D8F692571C59689D00B08CB5 /* Build configuration list for PBXNativeTarget "MMAlgorithmsTests" */ = {
			isa = XCConfigurationList;
			buildConfigurations = (
				D8F692581C59689D00B08CB5 /* Debug */,
				D8F692591C59689D00B08CB5 /* Release */,
			);
			defaultConfigurationIsVisible = 0;
			defaultConfigurationName = Release;
		};
/* End XCConfigurationList section */
	};
	rootObject = D8F6921F1C59689D00B08CB5 /* Project object */;
}
